{
  "name": "simple-lodde-cli-app",
  "version": "1.0.0",
  "lockfileVersion": 2,
  "requires": true,
  "packages": {
    "": {
      "name": "simple-lodde-cli-app",
      "version": "1.0.0",
      "license": "Universitas Brawijaya",
      "dependencies": {
        "lodde": "^1.0.2-alpha.2"
      },
      "bin": {
        "run": "bin/index.js"
      }
    },
    "node_modules/lodde": {
      "version": "1.0.2-alpha.2",
      "resolved": "https://registry.npmjs.org/lodde/-/lodde-1.0.2-alpha.2.tgz",
      "integrity": "sha512-6pd+Hh7f1Fmzj6/0J0lrF6o6OFwcPIzLORFWTpGVZRGQVNwxGzpTtK7CRWQd5upippq/eUpmd+qsjsV8vQAH4A==",
      "dependencies": {
        "xhr2": "^0.2.1"
      }
    },
    "node_modules/xhr2": {
      "version": "0.2.1",
      "resolved": "https://registry.npmjs.org/xhr2/-/xhr2-0.2.1.tgz",
      "integrity": "sha512-sID0rrVCqkVNUn8t6xuv9+6FViXjUVXq8H5rWOH2rz9fDNQEd4g0EA2XlcEdJXRz5BMEn4O1pJFdT+z4YHhoWw==",
      "engines": {
        "node": ">= 6"
      }
    }
  },
  "dependencies": {
    "lodde": {
      "version": "1.0.2-alpha.2",
      "resolved": "https://registry.npmjs.org/lodde/-/lodde-1.0.2-alpha.2.tgz",
      "integrity": "sha512-6pd+Hh7f1Fmzj6/0J0lrF6o6OFwcPIzLORFWTpGVZRGQVNwxGzpTtK7CRWQd5upippq/eUpmd+qsjsV8vQAH4A==",
      "requires": {
        "xhr2": "^0.2.1"
      }
    },
    "xhr2": {
      "version": "0.2.1",
      "resolved": "https://registry.npmjs.org/xhr2/-/xhr2-0.2.1.tgz",
      "integrity": "sha512-sID0rrVCqkVNUn8t6xuv9+6FViXjUVXq8H5rWOH2rz9fDNQEd4g0EA2XlcEdJXRz5BMEn4O1pJFdT+z4YHhoWw=="
    }
  }
}
